
Microsoft Visual Studio Solution File, Format Version 12.00
# Visual Studio Version 17
VisualStudioVersion = 17.14.36518.9
MinimumVisualStudioVersion = 10.0.40219.1
Project("{FAE04EC0-301F-11D3-BF4B-00C04F79EFBC}") = "ShopEase2", "ShopEase2\ShopEase2.csproj", "{B93D730D-B97B-49AA-B7BE-1B0877B166EB}"
EndProject
Global
	GlobalSection(SolutionConfigurationPlatforms) = preSolution
		Debug|Any CPU = Debug|Any CPU
		Release|Any CPU = Release|Any CPU
	EndGlobalSection
	GlobalSection(ProjectConfigurationPlatforms) = postSolution
		{B93D730D-B97B-49AA-B7BE-1B0877B166EB}.Debug|Any CPU.ActiveCfg = Debug|Any CPU
		{B93D730D-B97B-49AA-B7BE-1B0877B166EB}.Debug|Any CPU.Build.0 = Debug|Any CPU
		{B93D730D-B97B-49AA-B7BE-1B0877B166EB}.Debug|Any CPU.Deploy.0 = Debug|Any CPU
		{B93D730D-B97B-49AA-B7BE-1B0877B166EB}.Release|Any CPU.ActiveCfg = Release|Any CPU
		{B93D730D-B97B-49AA-B7BE-1B0877B166EB}.Release|Any CPU.Build.0 = Release|Any CPU
	EndGlobalSection
	GlobalSection(SolutionProperties) = preSolution
		HideSolutionNode = FALSE
	EndGlobalSection
	GlobalSection(ExtensibilityGlobals) = postSolution
		SolutionGuid = {CB73F72C-79BA-43FA-B839-2E114DC65AAF}
	EndGlobalSection
EndGlobal
